dependencies:
  espressif/button:
    component_hash: e162e6c8fc670ae297dca5ec75037966c1d69a1509f0b2048a883a7c54fb7aba
    dependencies:
    - name: espressif/cmake_utilities
      registry_url: https://components.espressif.com/
      require: private
      version: 0.*
    - name: idf
      registry_url: https://components.espressif.com
      require: private
      version: '>=4.0'
    source:
      registry_url: https://components.espressif.com/
      type: service
    version: 2.5.6
  espressif/cmake_utilities:
    component_hash: 351350613ceafba240b761b4ea991e0f231ac7a9f59a9ee901f751bddc0bb18f
    dependencies:
    - name: idf
      require: private
      version: '>=4.1'
    source:
      registry_url: https://components.espressif.com/
      type: service
    version: 0.5.3
  espressif/esp-box:
    component_hash: c1189231f6a137eeca158278b2b8e3f4d32fd9cdc05e3899e87eff796393642f
    dependencies:
    - name: espressif/button
      registry_url: https://components.espressif.com/
      require: public
      version: ^2.5
    - name: espressif/esp_codec_dev
      registry_url: https://components.espressif.com/
      require: public
      version: ~1.1
    - name: espressif/esp_lcd_touch_tt21100
      registry_url: https://components.espressif.com/
      require: private
      version: ^1
    - name: espressif/esp_lvgl_port
      registry_url: https://components.espressif.com/
      require: public
      version: ^2
    - name: espressif/icm42670
      registry_url: https://components.espressif.com/
      require: public
      version: ^1
    - name: idf
      require: private
      version: '>=4.4.5,<6.0'
    source:
      registry_url: https://components.espressif.com/
      type: service
    targets:
    - esp32s3
    version: 3.1.0~1
  espressif/esp-dsp:
    component_hash: fa7fe74305df6da25867437ebcd4213e047cbfc0556cf92067ab657fce537c6e
    dependencies:
    - name: idf
      require: private
      version: '>=4.2'
    source:
      registry_url: https://components.espressif.com/
      type: service
    version: 1.5.2
  espressif/esp-sr:
    component_hash: 1ac3e717a0f0c1af71a61776283f97a08c867d914d4cc5a6a6380dc57c6b9f69
    dependencies:
    - name: espressif/esp-dsp
      registry_url: https://components.espressif.com/
      require: private
      version: ^1.2.1
    - name: idf
      require: private
      version: '>=4.4'
    source:
      registry_url: https://components.espressif.com/
      type: service
    targets:
    - esp32
    - esp32s2
    - esp32s3
    - esp32c3
    version: 1.3.4
  espressif/esp_codec_dev:
    component_hash: 1a3a2e518cd8b52e8796ec393a4050977f8f113599056faf085a02a57e194f86
    dependencies:
    - name: idf
      registry_url: https://components.espressif.com
      require: private
      version: '>=4.0'
    source:
      registry_url: https://components.espressif.com/
      type: service
    version: 1.1.0
  espressif/esp_lcd_touch:
    component_hash: 779b4ba2464a3ae85681e4b860caa5fdc35801458c23f3039ee761bae7f442a4
    dependencies:
    - name: idf
      require: private
      version: '>=4.4.2'
    source:
      registry_url: https://components.espressif.com/
      type: service
    version: 1.1.2
  espressif/esp_lcd_touch_tt21100:
    component_hash: 320b0c047223ee744e258648e0dc7035e8ec54fcffea9dcd81063c1bafa8d0a7
    dependencies:
    - name: espressif/esp_lcd_touch
      registry_url: https://components.espressif.com/
      require: public
      version: ^1.1.0
    - name: idf
      require: private
      version: '>=4.4.2'
    source:
      registry_url: https://components.espressif.com/
      type: service
    version: 1.1.0~1
  espressif/esp_lvgl_port:
    component_hash: ff682937ac7f94653e45719f888db637830e90dd0ba3ff5b72d2c808c7a93949
    dependencies:
    - name: idf
      require: private
      version: '>=4.4'
    - name: lvgl/lvgl
      registry_url: https://components.espressif.com/
      require: public
      version: '>=8,<10'
    source:
      registry_url: https://components.espressif.com/
      type: service
    version: 2.4.1
  espressif/icm42670:
    component_hash: 3327870e7a125e7278f318297726138278f0cda2898f2461c01af0423d4afcda
    dependencies:
    - name: idf
      registry_url: https://components.espressif.com
      require: private
      version: '>=4.4'
    source:
      registry_url: https://components.espressif.com/
      type: service
    version: 1.0.0
  espressif/zlib:
    component_hash: 999ec50086ac1c82b8321d8f540dc9fd10f5622948b935558aa16b4b66e95d9d
    dependencies:
    - name: idf
      require: private
      version: '>=4.4'
    source:
      registry_url: https://components.espressif.com/
      type: service
    version: 1.3.0
  idf:
    source:
      type: idf
    version: 5.3.1
  lvgl/lvgl:
    component_hash: 0f2006e7b800eee17b73ed4f92ffbaa76d61c02ba4779ec9efbcd5f453bb0102
    dependencies: []
    source:
      registry_url: https://components.espressif.com/
      type: service
    version: 8.3.6~1
direct_dependencies:
- espressif/esp-box
- espressif/esp-sr
- espressif/zlib
- idf
- lvgl/lvgl
manifest_hash: c0beb030fcb8c906292a585ba9a6054a3987af2ed97c89089f1b5e0a5d4d55d2
target: esp32s3
version: 2.0.0
